
Microsoft Visual Studio Solution File, Format Version 12.00
# Visual Studio 14
VisualStudioVersion = 14.0.24720.0
MinimumVisualStudioVersion = 10.0.40219.1
Project("{FAE04EC0-301F-11D3-BF4B-00C04F79EFBC}") = "UniProjWeb", "UniProjWeb\UniProjWeb.csproj", "{8AEF41DE-B20B-434B-B865-718CD23677DD}"
EndProject
Project("{FAE04EC0-301F-11D3-BF4B-00C04F79EFBC}") = "WebJobUniDAL", "WebJobUniDAL\WebJobUniDAL.csproj", "{A571C465-5DA4-4DB0-B467-9EE17A4280B1}"
EndProject
Project("{E24C65DC-7377-472B-9ABA-BC803B73C61A}") = "MainWeb", "MainWeb\", "{6EBF3EF4-CB71-4150-895B-89D74FC1B396}"
	ProjectSection(WebsiteProperties) = preProject
		TargetFrameworkMoniker = ".NETFramework,Version%3Dv4.5.2"
		Debug.AspNetCompiler.VirtualPath = "/localhost_3092"
		Debug.AspNetCompiler.PhysicalPath = "MainWeb\"
		Debug.AspNetCompiler.TargetPath = "PrecompiledWeb\localhost_3092\"
		Debug.AspNetCompiler.Updateable = "true"
		Debug.AspNetCompiler.ForceOverwrite = "true"
		Debug.AspNetCompiler.FixedNames = "false"
		Debug.AspNetCompiler.Debug = "True"
		Release.AspNetCompiler.VirtualPath = "/localhost_3092"
		Release.AspNetCompiler.PhysicalPath = "MainWeb\"
		Release.AspNetCompiler.TargetPath = "PrecompiledWeb\localhost_3092\"
		Release.AspNetCompiler.Updateable = "true"
		Release.AspNetCompiler.ForceOverwrite = "true"
		Release.AspNetCompiler.FixedNames = "false"
		Release.AspNetCompiler.Debug = "False"
		VWDPort = "3092"
		SlnRelativePath = "MainWeb\"
		DefaultWebSiteLanguage = "Visual C#"
	EndProjectSection
EndProject
Project("{E24C65DC-7377-472B-9ABA-BC803B73C61A}") = "EasyBookWeb", "EasyBookWeb\", "{DA4BCEDC-02D0-4297-B49C-AF6B817A1BD6}"
	ProjectSection(WebsiteProperties) = preProject
		TargetFrameworkMoniker = ".NETFramework,Version%3Dv4.5.2"
		Debug.AspNetCompiler.VirtualPath = "/localhost_1388"
		Debug.AspNetCompiler.PhysicalPath = "EasyBookWeb\"
		Debug.AspNetCompiler.TargetPath = "PrecompiledWeb\localhost_1388\"
		Debug.AspNetCompiler.Updateable = "true"
		Debug.AspNetCompiler.ForceOverwrite = "true"
		Debug.AspNetCompiler.FixedNames = "false"
		Debug.AspNetCompiler.Debug = "True"
		Release.AspNetCompiler.VirtualPath = "/localhost_1388"
		Release.AspNetCompiler.PhysicalPath = "EasyBookWeb\"
		Release.AspNetCompiler.TargetPath = "PrecompiledWeb\localhost_1388\"
		Release.AspNetCompiler.Updateable = "true"
		Release.AspNetCompiler.ForceOverwrite = "true"
		Release.AspNetCompiler.FixedNames = "false"
		Release.AspNetCompiler.Debug = "False"
		VWDPort = "1388"
		SlnRelativePath = "EasyBookWeb\"
		DefaultWebSiteLanguage = "Visual C#"
	EndProjectSection
EndProject
Project("{FAE04EC0-301F-11D3-BF4B-00C04F79EFBC}") = "WebJobUniBLL", "WebJobUniBLL\WebJobUniBLL.csproj", "{B9864F94-CA42-44B9-B3B6-0BAB4B16A763}"
EndProject
Project("{FAE04EC0-301F-11D3-BF4B-00C04F79EFBC}") = "WebJobUniUtils", "WebJobUniUtils\WebJobUniUtils.csproj", "{2E4DDB58-F97C-4163-8B7F-A30EBD4154E3}"
EndProject
Project("{FAE04EC0-301F-11D3-BF4B-00C04F79EFBC}") = "WebJobUniTest", "WebJobUniTest\WebJobUniTest.csproj", "{B27677B4-84C5-473F-948C-8A0FB307C1D8}"
EndProject
Global
	GlobalSection(SolutionConfigurationPlatforms) = preSolution
		Debug|Any CPU = Debug|Any CPU
		Release|Any CPU = Release|Any CPU
	EndGlobalSection
	GlobalSection(ProjectConfigurationPlatforms) = postSolution
		{8AEF41DE-B20B-434B-B865-718CD23677DD}.Debug|Any CPU.ActiveCfg = Debug|Any CPU
		{8AEF41DE-B20B-434B-B865-718CD23677DD}.Debug|Any CPU.Build.0 = Debug|Any CPU
		{8AEF41DE-B20B-434B-B865-718CD23677DD}.Release|Any CPU.ActiveCfg = Release|Any CPU
		{8AEF41DE-B20B-434B-B865-718CD23677DD}.Release|Any CPU.Build.0 = Release|Any CPU
		{A571C465-5DA4-4DB0-B467-9EE17A4280B1}.Debug|Any CPU.ActiveCfg = Debug|Any CPU
		{A571C465-5DA4-4DB0-B467-9EE17A4280B1}.Debug|Any CPU.Build.0 = Debug|Any CPU
		{A571C465-5DA4-4DB0-B467-9EE17A4280B1}.Release|Any CPU.ActiveCfg = Release|Any CPU
		{A571C465-5DA4-4DB0-B467-9EE17A4280B1}.Release|Any CPU.Build.0 = Release|Any CPU
		{6EBF3EF4-CB71-4150-895B-89D74FC1B396}.Debug|Any CPU.ActiveCfg = Debug|Any CPU
		{6EBF3EF4-CB71-4150-895B-89D74FC1B396}.Debug|Any CPU.Build.0 = Debug|Any CPU
		{6EBF3EF4-CB71-4150-895B-89D74FC1B396}.Release|Any CPU.ActiveCfg = Debug|Any CPU
		{6EBF3EF4-CB71-4150-895B-89D74FC1B396}.Release|Any CPU.Build.0 = Debug|Any CPU
		{DA4BCEDC-02D0-4297-B49C-AF6B817A1BD6}.Debug|Any CPU.ActiveCfg = Debug|Any CPU
		{DA4BCEDC-02D0-4297-B49C-AF6B817A1BD6}.Debug|Any CPU.Build.0 = Debug|Any CPU
		{DA4BCEDC-02D0-4297-B49C-AF6B817A1BD6}.Release|Any CPU.ActiveCfg = Debug|Any CPU
		{DA4BCEDC-02D0-4297-B49C-AF6B817A1BD6}.Release|Any CPU.Build.0 = Debug|Any CPU
		{B9864F94-CA42-44B9-B3B6-0BAB4B16A763}.Debug|Any CPU.ActiveCfg = Debug|Any CPU
		{B9864F94-CA42-44B9-B3B6-0BAB4B16A763}.Debug|Any CPU.Build.0 = Debug|Any CPU
		{B9864F94-CA42-44B9-B3B6-0BAB4B16A763}.Release|Any CPU.ActiveCfg = Release|Any CPU
		{B9864F94-CA42-44B9-B3B6-0BAB4B16A763}.Release|Any CPU.Build.0 = Release|Any CPU
		{2E4DDB58-F97C-4163-8B7F-A30EBD4154E3}.Debug|Any CPU.ActiveCfg = Debug|Any CPU
		{2E4DDB58-F97C-4163-8B7F-A30EBD4154E3}.Debug|Any CPU.Build.0 = Debug|Any CPU
		{2E4DDB58-F97C-4163-8B7F-A30EBD4154E3}.Release|Any CPU.ActiveCfg = Release|Any CPU
		{2E4DDB58-F97C-4163-8B7F-A30EBD4154E3}.Release|Any CPU.Build.0 = Release|Any CPU
		{B27677B4-84C5-473F-948C-8A0FB307C1D8}.Debug|Any CPU.ActiveCfg = Debug|Any CPU
		{B27677B4-84C5-473F-948C-8A0FB307C1D8}.Debug|Any CPU.Build.0 = Debug|Any CPU
		{B27677B4-84C5-473F-948C-8A0FB307C1D8}.Release|Any CPU.ActiveCfg = Release|Any CPU
		{B27677B4-84C5-473F-948C-8A0FB307C1D8}.Release|Any CPU.Build.0 = Release|Any CPU
	EndGlobalSection
	GlobalSection(SolutionProperties) = preSolution
		HideSolutionNode = FALSE
	EndGlobalSection
EndGlobal
